
Microsoft Visual Studio Solution File, Format Version 12.00
Project("{FAE04EC0-301F-11D3-BF4B-00C04F79EFBC}") = "WildfrostModMiya", "WildfrostModMiya\WildfrostModMiya.csproj", "{4C184C22-FC6F-418C-AC73-CB54ED13A893}"
EndProject
Global
	GlobalSection(SolutionConfigurationPlatforms) = preSolution
		Debug|Any CPU = Debug|Any CPU
		Release|Any CPU = Release|Any CPU
	EndGlobalSection
	GlobalSection(ProjectConfigurationPlatforms) = postSolution
		{4C184C22-FC6F-418C-AC73-CB54ED13A893}.Debug|Any CPU.ActiveCfg = Debug|Any CPU
		{4C184C22-FC6F-418C-AC73-CB54ED13A893}.Debug|Any CPU.Build.0 = Debug|Any CPU
		{4C184C22-FC6F-418C-AC73-CB54ED13A893}.Release|Any CPU.ActiveCfg = Release|Any CPU
		{4C184C22-FC6F-418C-AC73-CB54ED13A893}.Release|Any CPU.Build.0 = Release|Any CPU
	EndGlobalSection
EndGlobal
